
Microsoft Visual Studio Solution File, Format Version 12.00
# Visual Studio Version 17
VisualStudioVersion = 17.9.34728.123
MinimumVisualStudioVersion = 10.0.40219.1
Project("{FAE04EC0-301F-11D3-BF4B-00C04F79EFBC}") = "QuickBank.API", "QuickBank.API\QuickBank.API.csproj", "{7FB3BCEC-E428-4037-A7B0-2D7E72F999B4}"
EndProject
Global
	GlobalSection(SolutionConfigurationPlatforms) = preSolution
		Debug|Any CPU = Debug|Any CPU
		Release|Any CPU = Release|Any CPU
	EndGlobalSection
	GlobalSection(ProjectConfigurationPlatforms) = postSolution
		{7FB3BCEC-E428-4037-A7B0-2D7E72F999B4}.Debug|Any CPU.ActiveCfg = Debug|Any CPU
		{7FB3BCEC-E428-4037-A7B0-2D7E72F999B4}.Debug|Any CPU.Build.0 = Debug|Any CPU
		{7FB3BCEC-E428-4037-A7B0-2D7E72F999B4}.Release|Any CPU.ActiveCfg = Release|Any CPU
		{7FB3BCEC-E428-4037-A7B0-2D7E72F999B4}.Release|Any CPU.Build.0 = Release|Any CPU
	EndGlobalSection
	GlobalSection(SolutionProperties) = preSolution
		HideSolutionNode = FALSE
	EndGlobalSection
	GlobalSection(ExtensibilityGlobals) = postSolution
		SolutionGuid = {F866E06E-B2B6-4136-B12F-6C22D371AC6C}
	EndGlobalSection
EndGlobal
